
Microsoft Visual Studio Solution File, Format Version 12.00
Project("{FAE04EC0-301F-11D3-BF4B-00C04F79EFBC}") = "TestAutoUpdateFramework", "TestAutoUpdateFramework\TestAutoUpdateFramework.csproj", "{BD3CAE98-CFCE-405B-BA38-30CD83947B29}"
EndProject
Project("{FAE04EC0-301F-11D3-BF4B-00C04F79EFBC}") = "UDFSourceGenerator", "UDFSourceGenerator\UDFSourceGenerator.csproj", "{80250668-E9AB-4309-9D5D-20481553B735}"
EndProject
Global
	GlobalSection(SolutionConfigurationPlatforms) = preSolution
		Debug|Any CPU = Debug|Any CPU
		Release|Any CPU = Release|Any CPU
	EndGlobalSection
	GlobalSection(ProjectConfigurationPlatforms) = postSolution
		{BD3CAE98-CFCE-405B-BA38-30CD83947B29}.Debug|Any CPU.ActiveCfg = Debug|Any CPU
		{BD3CAE98-CFCE-405B-BA38-30CD83947B29}.Debug|Any CPU.Build.0 = Debug|Any CPU
		{BD3CAE98-CFCE-405B-BA38-30CD83947B29}.Release|Any CPU.ActiveCfg = Release|Any CPU
		{BD3CAE98-CFCE-405B-BA38-30CD83947B29}.Release|Any CPU.Build.0 = Release|Any CPU
	EndGlobalSection
EndGlobal
